
Microsoft Visual Studio Solution File, Format Version 12.00
# Visual Studio Version 17
VisualStudioVersion = 17.6.33723.286
MinimumVisualStudioVersion = 10.0.40219.1
Project("{FAE04EC0-301F-11D3-BF4B-00C04F79EFBC}") = "Extra Task", "Classes and Objects\Extra Task\Extra Task.csproj", "{99BF485B-BA2F-4E61-9B4F-EFD1EDA3A519}"
EndProject
Project("{FAE04EC0-301F-11D3-BF4B-00C04F79EFBC}") = "Task1", "Classes and Objects\Task1\Task1.csproj", "{E5F61DBF-9FFE-4169-A89C-723DC4F4FFA4}"
EndProject
Project("{FAE04EC0-301F-11D3-BF4B-00C04F79EFBC}") = "Task2", "Classes and Objects\Task2\Task2\Task2.csproj", "{5D8E2CF6-7768-4D45-BFC7-535059332F7B}"
EndProject
Project("{FAE04EC0-301F-11D3-BF4B-00C04F79EFBC}") = "Task3", "Classes and Objects\Task3\Task3\Task3.csproj", "{F1E0D33D-3BD5-4FD8-81D3-D3217C3369F4}"
EndProject
Project("{FAE04EC0-301F-11D3-BF4B-00C04F79EFBC}") = "OOP2_Extra Task", "Classes and Objects_2\OOP2_Extra Task\OOP2_Extra Task.csproj", "{2A3E9D1F-CB02-4724-AF88-0105BA8ACA8B}"
EndProject
Global
	GlobalSection(SolutionConfigurationPlatforms) = preSolution
		Debug|Any CPU = Debug|Any CPU
		Release|Any CPU = Release|Any CPU
	EndGlobalSection
	GlobalSection(ProjectConfigurationPlatforms) = postSolution
		{99BF485B-BA2F-4E61-9B4F-EFD1EDA3A519}.Debug|Any CPU.ActiveCfg = Debug|Any CPU
		{99BF485B-BA2F-4E61-9B4F-EFD1EDA3A519}.Debug|Any CPU.Build.0 = Debug|Any CPU
		{99BF485B-BA2F-4E61-9B4F-EFD1EDA3A519}.Release|Any CPU.ActiveCfg = Release|Any CPU
		{99BF485B-BA2F-4E61-9B4F-EFD1EDA3A519}.Release|Any CPU.Build.0 = Release|Any CPU
		{E5F61DBF-9FFE-4169-A89C-723DC4F4FFA4}.Debug|Any CPU.ActiveCfg = Debug|Any CPU
		{E5F61DBF-9FFE-4169-A89C-723DC4F4FFA4}.Debug|Any CPU.Build.0 = Debug|Any CPU
		{E5F61DBF-9FFE-4169-A89C-723DC4F4FFA4}.Release|Any CPU.ActiveCfg = Release|Any CPU
		{E5F61DBF-9FFE-4169-A89C-723DC4F4FFA4}.Release|Any CPU.Build.0 = Release|Any CPU
		{5D8E2CF6-7768-4D45-BFC7-535059332F7B}.Debug|Any CPU.ActiveCfg = Debug|Any CPU
		{5D8E2CF6-7768-4D45-BFC7-535059332F7B}.Debug|Any CPU.Build.0 = Debug|Any CPU
		{5D8E2CF6-7768-4D45-BFC7-535059332F7B}.Release|Any CPU.ActiveCfg = Release|Any CPU
		{5D8E2CF6-7768-4D45-BFC7-535059332F7B}.Release|Any CPU.Build.0 = Release|Any CPU
		{F1E0D33D-3BD5-4FD8-81D3-D3217C3369F4}.Debug|Any CPU.ActiveCfg = Debug|Any CPU
		{F1E0D33D-3BD5-4FD8-81D3-D3217C3369F4}.Debug|Any CPU.Build.0 = Debug|Any CPU
		{F1E0D33D-3BD5-4FD8-81D3-D3217C3369F4}.Release|Any CPU.ActiveCfg = Release|Any CPU
		{F1E0D33D-3BD5-4FD8-81D3-D3217C3369F4}.Release|Any CPU.Build.0 = Release|Any CPU
		{2A3E9D1F-CB02-4724-AF88-0105BA8ACA8B}.Debug|Any CPU.ActiveCfg = Debug|Any CPU
		{2A3E9D1F-CB02-4724-AF88-0105BA8ACA8B}.Debug|Any CPU.Build.0 = Debug|Any CPU
		{2A3E9D1F-CB02-4724-AF88-0105BA8ACA8B}.Release|Any CPU.ActiveCfg = Release|Any CPU
		{2A3E9D1F-CB02-4724-AF88-0105BA8ACA8B}.Release|Any CPU.Build.0 = Release|Any CPU
	EndGlobalSection
	GlobalSection(SolutionProperties) = preSolution
		HideSolutionNode = FALSE
	EndGlobalSection
	GlobalSection(ExtensibilityGlobals) = postSolution
		SolutionGuid = {740119B1-5C69-4B7C-A525-73851F1666C4}
	EndGlobalSection
EndGlobal
