
Microsoft Visual Studio Solution File, Format Version 12.00
# Visual Studio Version 17
VisualStudioVersion = 17.6.33723.286
MinimumVisualStudioVersion = 10.0.40219.1
Project("{FAE04EC0-301F-11D3-BF4B-00C04F79EFBC}") = "Extra Task", "Classes and Objects\Extra Task\Extra Task.csproj", "{99BF485B-BA2F-4E61-9B4F-EFD1EDA3A519}"
EndProject
Project("{FAE04EC0-301F-11D3-BF4B-00C04F79EFBC}") = "Task1", "Classes and Objects\Task1\Task1.csproj", "{E5F61DBF-9FFE-4169-A89C-723DC4F4FFA4}"
EndProject
Project("{FAE04EC0-301F-11D3-BF4B-00C04F79EFBC}") = "Task2", "Classes and Objects\Task2\Task2\Task2.csproj", "{5D8E2CF6-7768-4D45-BFC7-535059332F7B}"
EndProject
Project("{FAE04EC0-301F-11D3-BF4B-00C04F79EFBC}") = "Task3", "Classes and Objects\Task3\Task3\Task3.csproj", "{F1E0D33D-3BD5-4FD8-81D3-D3217C3369F4}"
EndProject
Project("{FAE04EC0-301F-11D3-BF4B-00C04F79EFBC}") = "OOP_2 Extra Task", "Classes and Objects_2\OOP_2 Extra Task\OOP_2 Extra Task.csproj", "{0F350FEB-3CDB-4965-9129-E2F023C57298}"
EndProject
Project("{FAE04EC0-301F-11D3-BF4B-00C04F79EFBC}") = "OOP2_ Task1", "Classes and Objects_2\OOP2_ Task1\OOP2_ Task1.csproj", "{323DCA41-3116-4DC5-ABDA-17BCA988BC9F}"
EndProject
Project("{FAE04EC0-301F-11D3-BF4B-00C04F79EFBC}") = "3 Extra Task", "Inheritance\3 Extra Task\3 Extra Task.csproj", "{666EBFCA-1C07-4AB8-970B-DCAEBCB7F854}"
EndProject
Project("{FAE04EC0-301F-11D3-BF4B-00C04F79EFBC}") = "3 Task1", "Inheritance\3 Task1\3 Task1.csproj", "{21F3382F-D04D-4629-B6CB-71FF92F01FFD}"
EndProject
Project("{FAE04EC0-301F-11D3-BF4B-00C04F79EFBC}") = "3 Task2", "Inheritance\3 Task2\3 Task2.csproj", "{A2658D4C-7082-4719-A2A2-990F447901F8}"
EndProject
Project("{FAE04EC0-301F-11D3-BF4B-00C04F79EFBC}") = "3 Task3", "Inheritance\3 Task3\3 Task3.csproj", "{73C28281-CCBF-4648-B5D4-DC2623D86F51}"
EndProject
Project("{FAE04EC0-301F-11D3-BF4B-00C04F79EFBC}") = "4 Task1", "Abstract class Interface\4 Task1\4 Task1.csproj", "{3FFDB5BA-2888-4EF2-8CB4-64515EBEA17F}"
EndProject
Project("{FAE04EC0-301F-11D3-BF4B-00C04F79EFBC}") = "4 Task2", "Abstract class Interface\4 Task2\4 Task2.csproj", "{09D13DB5-3DE8-4A7F-9739-C718E1A57488}"
EndProject
Global
	GlobalSection(SolutionConfigurationPlatforms) = preSolution
		Debug|Any CPU = Debug|Any CPU
		Release|Any CPU = Release|Any CPU
	EndGlobalSection
	GlobalSection(ProjectConfigurationPlatforms) = postSolution
		{99BF485B-BA2F-4E61-9B4F-EFD1EDA3A519}.Debug|Any CPU.ActiveCfg = Debug|Any CPU
		{99BF485B-BA2F-4E61-9B4F-EFD1EDA3A519}.Debug|Any CPU.Build.0 = Debug|Any CPU
		{99BF485B-BA2F-4E61-9B4F-EFD1EDA3A519}.Release|Any CPU.ActiveCfg = Release|Any CPU
		{99BF485B-BA2F-4E61-9B4F-EFD1EDA3A519}.Release|Any CPU.Build.0 = Release|Any CPU
		{E5F61DBF-9FFE-4169-A89C-723DC4F4FFA4}.Debug|Any CPU.ActiveCfg = Debug|Any CPU
		{E5F61DBF-9FFE-4169-A89C-723DC4F4FFA4}.Debug|Any CPU.Build.0 = Debug|Any CPU
		{E5F61DBF-9FFE-4169-A89C-723DC4F4FFA4}.Release|Any CPU.ActiveCfg = Release|Any CPU
		{E5F61DBF-9FFE-4169-A89C-723DC4F4FFA4}.Release|Any CPU.Build.0 = Release|Any CPU
		{5D8E2CF6-7768-4D45-BFC7-535059332F7B}.Debug|Any CPU.ActiveCfg = Debug|Any CPU
		{5D8E2CF6-7768-4D45-BFC7-535059332F7B}.Debug|Any CPU.Build.0 = Debug|Any CPU
		{5D8E2CF6-7768-4D45-BFC7-535059332F7B}.Release|Any CPU.ActiveCfg = Release|Any CPU
		{5D8E2CF6-7768-4D45-BFC7-535059332F7B}.Release|Any CPU.Build.0 = Release|Any CPU
		{F1E0D33D-3BD5-4FD8-81D3-D3217C3369F4}.Debug|Any CPU.ActiveCfg = Debug|Any CPU
		{F1E0D33D-3BD5-4FD8-81D3-D3217C3369F4}.Debug|Any CPU.Build.0 = Debug|Any CPU
		{F1E0D33D-3BD5-4FD8-81D3-D3217C3369F4}.Release|Any CPU.ActiveCfg = Release|Any CPU
		{F1E0D33D-3BD5-4FD8-81D3-D3217C3369F4}.Release|Any CPU.Build.0 = Release|Any CPU
		{0F350FEB-3CDB-4965-9129-E2F023C57298}.Debug|Any CPU.ActiveCfg = Debug|Any CPU
		{0F350FEB-3CDB-4965-9129-E2F023C57298}.Debug|Any CPU.Build.0 = Debug|Any CPU
		{0F350FEB-3CDB-4965-9129-E2F023C57298}.Release|Any CPU.ActiveCfg = Release|Any CPU
		{0F350FEB-3CDB-4965-9129-E2F023C57298}.Release|Any CPU.Build.0 = Release|Any CPU
		{323DCA41-3116-4DC5-ABDA-17BCA988BC9F}.Debug|Any CPU.ActiveCfg = Debug|Any CPU
		{323DCA41-3116-4DC5-ABDA-17BCA988BC9F}.Debug|Any CPU.Build.0 = Debug|Any CPU
		{323DCA41-3116-4DC5-ABDA-17BCA988BC9F}.Release|Any CPU.ActiveCfg = Release|Any CPU
		{323DCA41-3116-4DC5-ABDA-17BCA988BC9F}.Release|Any CPU.Build.0 = Release|Any CPU
		{666EBFCA-1C07-4AB8-970B-DCAEBCB7F854}.Debug|Any CPU.ActiveCfg = Debug|Any CPU
		{666EBFCA-1C07-4AB8-970B-DCAEBCB7F854}.Debug|Any CPU.Build.0 = Debug|Any CPU
		{666EBFCA-1C07-4AB8-970B-DCAEBCB7F854}.Release|Any CPU.ActiveCfg = Release|Any CPU
		{666EBFCA-1C07-4AB8-970B-DCAEBCB7F854}.Release|Any CPU.Build.0 = Release|Any CPU
		{21F3382F-D04D-4629-B6CB-71FF92F01FFD}.Debug|Any CPU.ActiveCfg = Debug|Any CPU
		{21F3382F-D04D-4629-B6CB-71FF92F01FFD}.Debug|Any CPU.Build.0 = Debug|Any CPU
		{21F3382F-D04D-4629-B6CB-71FF92F01FFD}.Release|Any CPU.ActiveCfg = Release|Any CPU
		{21F3382F-D04D-4629-B6CB-71FF92F01FFD}.Release|Any CPU.Build.0 = Release|Any CPU
		{A2658D4C-7082-4719-A2A2-990F447901F8}.Debug|Any CPU.ActiveCfg = Debug|Any CPU
		{A2658D4C-7082-4719-A2A2-990F447901F8}.Debug|Any CPU.Build.0 = Debug|Any CPU
		{A2658D4C-7082-4719-A2A2-990F447901F8}.Release|Any CPU.ActiveCfg = Release|Any CPU
		{A2658D4C-7082-4719-A2A2-990F447901F8}.Release|Any CPU.Build.0 = Release|Any CPU
		{73C28281-CCBF-4648-B5D4-DC2623D86F51}.Debug|Any CPU.ActiveCfg = Debug|Any CPU
		{73C28281-CCBF-4648-B5D4-DC2623D86F51}.Debug|Any CPU.Build.0 = Debug|Any CPU
		{73C28281-CCBF-4648-B5D4-DC2623D86F51}.Release|Any CPU.ActiveCfg = Release|Any CPU
		{73C28281-CCBF-4648-B5D4-DC2623D86F51}.Release|Any CPU.Build.0 = Release|Any CPU
		{3FFDB5BA-2888-4EF2-8CB4-64515EBEA17F}.Debug|Any CPU.ActiveCfg = Debug|Any CPU
		{3FFDB5BA-2888-4EF2-8CB4-64515EBEA17F}.Debug|Any CPU.Build.0 = Debug|Any CPU
		{3FFDB5BA-2888-4EF2-8CB4-64515EBEA17F}.Release|Any CPU.ActiveCfg = Release|Any CPU
		{3FFDB5BA-2888-4EF2-8CB4-64515EBEA17F}.Release|Any CPU.Build.0 = Release|Any CPU
		{09D13DB5-3DE8-4A7F-9739-C718E1A57488}.Debug|Any CPU.ActiveCfg = Debug|Any CPU
		{09D13DB5-3DE8-4A7F-9739-C718E1A57488}.Debug|Any CPU.Build.0 = Debug|Any CPU
		{09D13DB5-3DE8-4A7F-9739-C718E1A57488}.Release|Any CPU.ActiveCfg = Release|Any CPU
		{09D13DB5-3DE8-4A7F-9739-C718E1A57488}.Release|Any CPU.Build.0 = Release|Any CPU
	EndGlobalSection
	GlobalSection(SolutionProperties) = preSolution
		HideSolutionNode = FALSE
	EndGlobalSection
	GlobalSection(ExtensibilityGlobals) = postSolution
		SolutionGuid = {740119B1-5C69-4B7C-A525-73851F1666C4}
	EndGlobalSection
EndGlobal
